// !$*UTF8*$!
{
	archiveVersion = 1;
	classes = {
	};
	objectVersion = 46;
	objects = {

/* Begin PBXBuildFile section */
		F859FDD81CA434D300464D3A /* main.m in Sources */ = {isa = PBXBuildFile; fileRef = F859FDD71CA434D300464D3A /* main.m */; };
		F859FDE01CA434F400464D3A /* Array.c in Sources */ = {isa = PBXBuildFile; fileRef = F859FDDE1CA434F400464D3A /* Array.c */; };
		F859FDE31CA5862500464D3A /* Object.c in Sources */ = {isa = PBXBuildFile; fileRef = F859FDE11CA5862500464D3A /* Object.c */; };
		F859FDE61CA5897700464D3A /* Mydate.c in Sources */ = {isa = PBXBuildFile; fileRef = F859FDE41CA5897700464D3A /* Mydate.c */; };
/* End PBXBuildFile section */

/* Begin PBXCopyFilesBuildPhase section */
		F859FDD21CA434D300464D3A /* CopyFiles */ = {
			isa = PBXCopyFilesBuildPhase;
			buildActionMask = 2147483647;
			dstPath = /usr/share/man/man1/;
			dstSubfolderSpec = 0;
			files = (
			);
			runOnlyForDeploymentPostprocessing = 1;
		};
/* End PBXCopyFilesBuildPhase section */

/* Begin PBXFileReference section */
		F859FDD41CA434D300464D3A /* DynamicArray */ = {isa = PBXFileReference; explicitFileType = "compiled.mach-o.executable"; includeInIndex = 0; path = DynamicArray; sourceTree = BUILT_PRODUCTS_DIR; };
		F859FDD71CA434D300464D3A /* main.m */ = {isa = PBXFileReference; lastKnownFileType = sourcecode.c.objc; path = main.m; sourceTree = "<group>"; };
		F859FDDE1CA434F400464D3A /* Array.c */ = {isa = PBXFileReference; fileEncoding = 4; lastKnownFileType = sourcecode.c.c; path = Array.c; sourceTree = "<group>"; };
		F859FDDF1CA434F400464D3A /* Array.h */ = {isa = PBXFileReference; fileEncoding = 4; lastKnownFileType = sourcecode.c.h; path = Array.h; sourceTree = "<group>"; };
		F859FDE11CA5862500464D3A /* Object.c */ = {isa = PBXFileReference; fileEncoding = 4; lastKnownFileType = sourcecode.c.c; path = Object.c; sourceTree = "<group>"; };
		F859FDE21CA5862500464D3A /* Object.h */ = {isa = PBXFileReference; fileEncoding = 4; lastKnownFileType = sourcecode.c.h; path = Object.h; sourceTree = "<group>"; };
		F859FDE41CA5897700464D3A /* Mydate.c */ = {isa = PBXFileReference; fileEncoding = 4; lastKnownFileType = sourcecode.c.c; path = Mydate.c; sourceTree = "<group>"; };
		F859FDE51CA5897700464D3A /* Mydate.h */ = {isa = PBXFileReference; fileEncoding = 4; lastKnownFileType = sourcecode.c.h; path = Mydate.h; sourceTree = "<group>"; };
/* End PBXFileReference section */

/* Begin PBXFrameworksBuildPhase section */
		F859FDD11CA434D300464D3A /* Frameworks */ = {
			isa = PBXFrameworksBuildPhase;
			buildActionMask = 2147483647;
			files = (
			);
			runOnlyForDeploymentPostprocessing = 0;
		};
/* End PBXFrameworksBuildPhase section */

/* Begin PBXGroup section */
		F859FDCB1CA434D300464D3A = {
			isa = PBXGroup;
			children = (
				F859FDD61CA434D300464D3A /* DynamicArray */,
				F859FDD51CA434D300464D3A /* Products */,
			);
			sourceTree = "<group>";
		};
		F859FDD51CA434D300464D3A /* Products */ = {
			isa = PBXGroup;
			children = (
				F859FDD41CA434D300464D3A /* DynamicArray */,
			);
			name = Products;
			sourceTree = "<group>";
		};
		F859FDD61CA434D300464D3A /* DynamicArray */ = {
			isa = PBXGroup;
			children = (
				F859FDD71CA434D300464D3A /* main.m */,
				F859FDDE1CA434F400464D3A /* Array.c */,
				F859FDDF1CA434F400464D3A /* Array.h */,
				F859FDE11CA5862500464D3A /* Object.c */,
				F859FDE21CA5862500464D3A /* Object.h */,
				F859FDE41CA5897700464D3A /* Mydate.c */,
				F859FDE51CA5897700464D3A /* Mydate.h */,
			);
			path = DynamicArray;
			sourceTree = "<group>";
		};
/* End PBXGroup section */

/* Begin PBXNativeTarget section */
		F859FDD31CA434D300464D3A /* DynamicArray */ = {
			isa = PBXNativeTarget;
			buildConfigurationList = F859FDDB1CA434D300464D3A /* Build configuration list for PBXNativeTarget "DynamicArray" */;
			buildPhases = (
				F859FDD01CA434D300464D3A /* Sources */,
				F859FDD11CA434D300464D3A /* Frameworks */,
				F859FDD21CA434D300464D3A /* CopyFiles */,
			);
			buildRules = (
			);
			dependencies = (
			);
			name = DynamicArray;
			productName = DynamicArray;
			productReference = F859FDD41CA434D300464D3A /* DynamicArray */;
			productType = "com.apple.product-type.tool";
		};
/* End PBXNativeTarget section */

/* Begin PBXProject section */
		F859FDCC1CA434D300464D3A /* Project object */ = {
			isa = PBXProject;
			attributes = {
				LastUpgradeCheck = 0730;
				ORGANIZATIONNAME = yezi;
				TargetAttributes = {
					F859FDD31CA434D300464D3A = {
						CreatedOnToolsVersion = 7.3;
					};
				};
			};
			buildConfigurationList = F859FDCF1CA434D300464D3A /* Build configuration list for PBXProject "DynamicArray" */;
			compatibilityVersion = "Xcode 3.2";
			developmentRegion = English;
			hasScannedForEncodings = 0;
			knownRegions = (
				en,
			);
			mainGroup = F859FDCB1CA434D300464D3A;
			productRefGroup = F859FDD51CA434D300464D3A /* Products */;
			projectDirPath = "";
			projectRoot = "";
			targets = (
				F859FDD31CA434D300464D3A /* DynamicArray */,
			);
		};
/* End PBXProject section */

/* Begin PBXSourcesBuildPhase section */
		F859FDD01CA434D300464D3A /* Sources */ = {
			isa = PBXSourcesBuildPhase;
			buildActionMask = 2147483647;
			files = (
				F859FDD81CA434D300464D3A /* main.m in Sources */,
				F859FDE61CA5897700464D3A /* Mydate.c in Sources */,
				F859FDE31CA5862500464D3A /* Object.c in Sources */,
				F859FDE01CA434F400464D3A /* Array.c in Sources */,
			);
			runOnlyForDeploymentPostprocessing = 0;
		};
/* End PBXSourcesBuildPhase section */

/* Begin XCBuildConfiguration section */
		F859FDD91CA434D300464D3A /* Debug */ = {
			isa = XCBuildConfiguration;
			buildSettings = {
				ALWAYS_SEARCH_USER_PATHS = NO;
				CLANG_ANALYZER_NONNULL = YES;
				CLANG_CXX_LANGUAGE_STANDARD = "gnu++0x";
				CLANG_CXX_LIBRARY = "libc++";
				CLANG_ENABLE_MODULES = YES;
				CLANG_ENABLE_OBJC_ARC = YES;
				CLANG_WARN_BOOL_CONVERSION = YES;
				CLANG_WARN_CONSTANT_CONVERSION = YES;
				CLANG_WARN_DIRECT_OBJC_ISA_USAGE = YES_ERROR;
				CLANG_WARN_EMPTY_BODY = YES;
				CLANG_WARN_ENUM_CONVERSION = YES;
				CLANG_WARN_INT_CONVERSION = YES;
				CLANG_WARN_OBJC_ROOT_CLASS = YES_ERROR;
				CLANG_WARN_UNREACHABLE_CODE = YES;
				CLANG_WARN__DUPLICATE_METHOD_MATCH = YES;
				CODE_SIGN_IDENTITY = "-";
				COPY_PHASE_STRIP = NO;
				DEBUG_INFORMATION_FORMAT = dwarf;
				ENABLE_STRICT_OBJC_MSGSEND = YES;
				ENABLE_TESTABILITY = YES;
				GCC_C_LANGUAGE_STANDARD = gnu99;
				GCC_DYNAMIC_NO_PIC = NO;
				GCC_NO_COMMON_BLOCKS = YES;
				GCC_OPTIMIZATION_LEVEL = 0;
				GCC_PREPROCESSOR_DEFINITIONS = (
					"DEBUG=1",
					"$(inherited)",
				);
				GCC_WARN_64_TO_32_BIT_CONVERSION = YES;
				GCC_WARN_ABOUT_RETURN_TYPE = YES_ERROR;
				GCC_WARN_UNDECLARED_SELECTOR = YES;
				GCC_WARN_UNINITIALIZED_AUTOS = YES_AGGRESSIVE;
				GCC_WARN_UNUSED_FUNCTION = YES;
				GCC_WARN_UNUSED_VARIABLE = YES;
				MACOSX_DEPLOYMENT_TARGET = 10.11;
				MTL_ENABLE_DEBUG_INFO = YES;
				ONLY_ACTIVE_ARCH = YES;
				SDKROOT = macosx;
			};
			name = Debug;
		};
		F859FDDA1CA434D300464D3A /* Release */ = {
			isa = XCBuildConfiguration;
			buildSettings = {
				ALWAYS_SEARCH_USER_PATHS = NO;
				CLANG_ANALYZER_NONNULL = YES;
				CLANG_CXX_LANGUAGE_STANDARD = "gnu++0x";
				CLANG_CXX_LIBRARY = "libc++";
				CLANG_ENABLE_MODULES = YES;
				CLANG_ENABLE_OBJC_ARC = YES;
				CLANG_WARN_BOOL_CONVERSION = YES;
				CLANG_WARN_CONSTANT_CONVERSION = YES;
				CLANG_WARN_DIRECT_OBJC_ISA_USAGE = YES_ERROR;
				CLANG_WARN_EMPTY_BODY = YES;
				CLANG_WARN_ENUM_CONVERSION = YES;
				CLANG_WARN_INT_CONVERSION = YES;
				CLANG_WARN_OBJC_ROOT_CLASS = YES_ERROR;
				CLANG_WARN_UNREACHABLE_CODE = YES;
				CLANG_WARN__DUPLICATE_METHOD_MATCH = YES;
				CODE_SIGN_IDENTITY = "-";
				COPY_PHASE_STRIP = NO;
				DEBUG_INFORMATION_FORMAT = "dwarf-with-dsym";
				ENABLE_NS_ASSERTIONS = NO;
				ENABLE_STRICT_OBJC_MSGSEND = YES;
				GCC_C_LANGUAGE_STANDARD = gnu99;
				GCC_NO_COMMON_BLOCKS = YES;
				GCC_WARN_64_TO_32_BIT_CONVERSION = YES;
				GCC_WARN_ABOUT_RETURN_TYPE = YES_ERROR;
				GCC_WARN_UNDECLARED_SELECTOR = YES;
				GCC_WARN_UNINITIALIZED_AUTOS = YES_AGGRESSIVE;
				GCC_WARN_UNUSED_FUNCTION = YES;
				GCC_WARN_UNUSED_VARIABLE = YES;
				MACOSX_DEPLOYMENT_TARGET = 10.11;
				MTL_ENABLE_DEBUG_INFO = NO;
				SDKROOT = macosx;
			};
			name = Release;
		};
		F859FDDC1CA434D300464D3A /* Debug */ = {
			isa = XCBuildConfiguration;
			buildSettings = {
				PRODUCT_NAME = "$(TARGET_NAME)";
			};
			name = Debug;
		};
		F859FDDD1CA434D300464D3A /* Release */ = {
			isa = XCBuildConfiguration;
			buildSettings = {
				PRODUCT_NAME = "$(TARGET_NAME)";
			};
			name = Release;
		};
/* End XCBuildConfiguration section */

/* Begin XCConfigurationList section */
		F859FDCF1CA434D300464D3A /* Build configuration list for PBXProject "DynamicArray" */ = {
			isa = XCConfigurationList;
			buildConfigurations = (
				F859FDD91CA434D300464D3A /* Debug */,
				F859FDDA1CA434D300464D3A /* Release */,
			);
			defaultConfigurationIsVisible = 0;
			defaultConfigurationName = Release;
		};
		F859FDDB1CA434D300464D3A /* Build configuration list for PBXNativeTarget "DynamicArray" */ = {
			isa = XCConfigurationList;
			buildConfigurations = (
				F859FDDC1CA434D300464D3A /* Debug */,
				F859FDDD1CA434D300464D3A /* Release */,
			);
			defaultConfigurationIsVisible = 0;
		};
/* End XCConfigurationList section */
	};
	rootObject = F859FDCC1CA434D300464D3A /* Project object */;
}
